
Microsoft Visual Studio Solution File, Format Version 12.00
# Visual Studio Version 17
VisualStudioVersion = 17.1.32228.430
MinimumVisualStudioVersion = 10.0.40219.1
Project("{FAE04EC0-301F-11D3-BF4B-00C04F79EFBC}") = "Enumeracoes", "Enumeracoes\Enumeracoes.csproj", "{83E76DC3-A0F6-446F-9903-9DD8035F8443}"
EndProject
Global
	GlobalSection(SolutionConfigurationPlatforms) = preSolution
		Debug|Any CPU = Debug|Any CPU
		Release|Any CPU = Release|Any CPU
	EndGlobalSection
	GlobalSection(ProjectConfigurationPlatforms) = postSolution
		{83E76DC3-A0F6-446F-9903-9DD8035F8443}.Debug|Any CPU.ActiveCfg = Debug|Any CPU
		{83E76DC3-A0F6-446F-9903-9DD8035F8443}.Debug|Any CPU.Build.0 = Debug|Any CPU
		{83E76DC3-A0F6-446F-9903-9DD8035F8443}.Release|Any CPU.ActiveCfg = Release|Any CPU
		{83E76DC3-A0F6-446F-9903-9DD8035F8443}.Release|Any CPU.Build.0 = Release|Any CPU
	EndGlobalSection
	GlobalSection(SolutionProperties) = preSolution
		HideSolutionNode = FALSE
	EndGlobalSection
	GlobalSection(ExtensibilityGlobals) = postSolution
		SolutionGuid = {0F1CDC78-D7A7-4884-9E11-EA3B0F33D234}
	EndGlobalSection
EndGlobal
