
Microsoft Visual Studio Solution File, Format Version 12.00
# Visual Studio Version 17
VisualStudioVersion = 17.1.32328.378
MinimumVisualStudioVersion = 10.0.40219.1
Project("{FAE04EC0-301F-11D3-BF4B-00C04F79EFBC}") = "mp.component.api", "MP.Api\mp.component.api\mp.component.api.csproj", "{13690A55-A5AD-4152-BF27-9225831A57F1}"
EndProject
Project("{FAE04EC0-301F-11D3-BF4B-00C04F79EFBC}") = "mp.component.domain", "MP.Api\mp.component.domain\mp.component.domain.csproj", "{D06D17A4-CDA2-4A86-8BED-E80B8F5E3D81}"
EndProject
Project("{FAE04EC0-301F-11D3-BF4B-00C04F79EFBC}") = "mp.component.business", "MP.Api\mp.component.business\mp.component.business.csproj", "{9CA3F043-C3AE-4503-BB79-4D3B413D1784}"
EndProject
Project("{FAE04EC0-301F-11D3-BF4B-00C04F79EFBC}") = "mp.component.infra.ioc", "MP.Api\mp.component.infra.ioc\mp.component.infra.ioc.csproj", "{B45F5673-E606-4631-A0D8-34F90B8ACC9A}"
EndProject
Project("{FAE04EC0-301F-11D3-BF4B-00C04F79EFBC}") = "mp.component.infra.data", "MP.Api\mp.component.infra.data\mp.component.infra.data.csproj", "{8A6CA31C-0AE4-417A-A67C-47F13F11A9D8}"
EndProject
Global
	GlobalSection(SolutionConfigurationPlatforms) = preSolution
		Debug|Any CPU = Debug|Any CPU
		Release|Any CPU = Release|Any CPU
	EndGlobalSection
	GlobalSection(ProjectConfigurationPlatforms) = postSolution
		{13690A55-A5AD-4152-BF27-9225831A57F1}.Debug|Any CPU.ActiveCfg = Debug|Any CPU
		{13690A55-A5AD-4152-BF27-9225831A57F1}.Debug|Any CPU.Build.0 = Debug|Any CPU
		{13690A55-A5AD-4152-BF27-9225831A57F1}.Release|Any CPU.ActiveCfg = Release|Any CPU
		{13690A55-A5AD-4152-BF27-9225831A57F1}.Release|Any CPU.Build.0 = Release|Any CPU
		{D06D17A4-CDA2-4A86-8BED-E80B8F5E3D81}.Debug|Any CPU.ActiveCfg = Debug|Any CPU
		{D06D17A4-CDA2-4A86-8BED-E80B8F5E3D81}.Debug|Any CPU.Build.0 = Debug|Any CPU
		{D06D17A4-CDA2-4A86-8BED-E80B8F5E3D81}.Release|Any CPU.ActiveCfg = Release|Any CPU
		{D06D17A4-CDA2-4A86-8BED-E80B8F5E3D81}.Release|Any CPU.Build.0 = Release|Any CPU
		{9CA3F043-C3AE-4503-BB79-4D3B413D1784}.Debug|Any CPU.ActiveCfg = Debug|Any CPU
		{9CA3F043-C3AE-4503-BB79-4D3B413D1784}.Debug|Any CPU.Build.0 = Debug|Any CPU
		{9CA3F043-C3AE-4503-BB79-4D3B413D1784}.Release|Any CPU.ActiveCfg = Release|Any CPU
		{9CA3F043-C3AE-4503-BB79-4D3B413D1784}.Release|Any CPU.Build.0 = Release|Any CPU
		{B45F5673-E606-4631-A0D8-34F90B8ACC9A}.Debug|Any CPU.ActiveCfg = Debug|Any CPU
		{B45F5673-E606-4631-A0D8-34F90B8ACC9A}.Debug|Any CPU.Build.0 = Debug|Any CPU
		{B45F5673-E606-4631-A0D8-34F90B8ACC9A}.Release|Any CPU.ActiveCfg = Release|Any CPU
		{B45F5673-E606-4631-A0D8-34F90B8ACC9A}.Release|Any CPU.Build.0 = Release|Any CPU
		{8A6CA31C-0AE4-417A-A67C-47F13F11A9D8}.Debug|Any CPU.ActiveCfg = Debug|Any CPU
		{8A6CA31C-0AE4-417A-A67C-47F13F11A9D8}.Debug|Any CPU.Build.0 = Debug|Any CPU
		{8A6CA31C-0AE4-417A-A67C-47F13F11A9D8}.Release|Any CPU.ActiveCfg = Release|Any CPU
		{8A6CA31C-0AE4-417A-A67C-47F13F11A9D8}.Release|Any CPU.Build.0 = Release|Any CPU
	EndGlobalSection
	GlobalSection(SolutionProperties) = preSolution
		HideSolutionNode = FALSE
	EndGlobalSection
	GlobalSection(ExtensibilityGlobals) = postSolution
		SolutionGuid = {007571D2-82E1-45A5-BF23-20101C1CBB05}
	EndGlobalSection
EndGlobal
