
Microsoft Visual Studio Solution File, Format Version 12.00
# Visual Studio Version 17
VisualStudioVersion = 17.1.32328.378
MinimumVisualStudioVersion = 10.0.40219.1
Project("{9A19103F-16F7-4668-BE54-9A1E7A4F7556}") = "lj.component.api", "lj.component.api\lj.component.api.csproj", "{C73F1EB7-84B5-4F9B-A95D-53D83A8D71F3}"
EndProject
Global
	GlobalSection(SolutionConfigurationPlatforms) = preSolution
		Debug|Any CPU = Debug|Any CPU
		Release|Any CPU = Release|Any CPU
	EndGlobalSection
	GlobalSection(ProjectConfigurationPlatforms) = postSolution
		{C73F1EB7-84B5-4F9B-A95D-53D83A8D71F3}.Debug|Any CPU.ActiveCfg = Debug|Any CPU
		{C73F1EB7-84B5-4F9B-A95D-53D83A8D71F3}.Debug|Any CPU.Build.0 = Debug|Any CPU
		{C73F1EB7-84B5-4F9B-A95D-53D83A8D71F3}.Release|Any CPU.ActiveCfg = Release|Any CPU
		{C73F1EB7-84B5-4F9B-A95D-53D83A8D71F3}.Release|Any CPU.Build.0 = Release|Any CPU
	EndGlobalSection
	GlobalSection(SolutionProperties) = preSolution
		HideSolutionNode = FALSE
	EndGlobalSection
	GlobalSection(ExtensibilityGlobals) = postSolution
		SolutionGuid = {30D906D4-2A12-45EA-915E-F059BFCC466F}
	EndGlobalSection
EndGlobal
